
Microsoft Visual Studio Solution File, Format Version 12.00
# Visual Studio Version 17
VisualStudioVersion = 17.3.32819.101
MinimumVisualStudioVersion = 10.0.40219.1
Project("{FAE04EC0-301F-11D3-BF4B-00C04F79EFBC}") = "LINQ_BestPractices", "LINQ_BestPractices\LINQ_BestPractices.csproj", "{FC52A822-35B3-4E5F-BBEB-91248C63040A}"
EndProject
Global
	GlobalSection(SolutionConfigurationPlatforms) = preSolution
		Debug|Any CPU = Debug|Any CPU
		Release|Any CPU = Release|Any CPU
	EndGlobalSection
	GlobalSection(ProjectConfigurationPlatforms) = postSolution
		{FC52A822-35B3-4E5F-BBEB-91248C63040A}.Debug|Any CPU.ActiveCfg = Debug|Any CPU
		{FC52A822-35B3-4E5F-BBEB-91248C63040A}.Debug|Any CPU.Build.0 = Debug|Any CPU
		{FC52A822-35B3-4E5F-BBEB-91248C63040A}.Release|Any CPU.ActiveCfg = Release|Any CPU
		{FC52A822-35B3-4E5F-BBEB-91248C63040A}.Release|Any CPU.Build.0 = Release|Any CPU
	EndGlobalSection
	GlobalSection(SolutionProperties) = preSolution
		HideSolutionNode = FALSE
	EndGlobalSection
	GlobalSection(ExtensibilityGlobals) = postSolution
		SolutionGuid = {0698D918-FAEC-44CA-AF91-4D457998DECE}
	EndGlobalSection
EndGlobal
